
Microsoft Visual Studio Solution File, Format Version 12.00
Project("{FAE04EC0-301F-11D3-BF4B-00C04F79EFBC}") = "AbstractFactoryPatternExample", "AbstractFactoryPatternExample.csproj", "{102C7DD5-69E6-4492-88C3-6DEEE55C8445}"
EndProject
Global
	GlobalSection(SolutionConfigurationPlatforms) = preSolution
		Debug|Any CPU = Debug|Any CPU
		Release|Any CPU = Release|Any CPU
	EndGlobalSection
	GlobalSection(ProjectConfigurationPlatforms) = postSolution
		{102C7DD5-69E6-4492-88C3-6DEEE55C8445}.Debug|Any CPU.ActiveCfg = Debug|Any CPU
		{102C7DD5-69E6-4492-88C3-6DEEE55C8445}.Debug|Any CPU.Build.0 = Debug|Any CPU
		{102C7DD5-69E6-4492-88C3-6DEEE55C8445}.Release|Any CPU.ActiveCfg = Release|Any CPU
		{102C7DD5-69E6-4492-88C3-6DEEE55C8445}.Release|Any CPU.Build.0 = Release|Any CPU
	EndGlobalSection
EndGlobal
